<?xml version="1.0" encoding="utf-8"?>
<Project ToolsVersion="4.0" xmlns="http://schemas.microsoft.com/developer/msbuild/2003">
  <ItemGroup>
    <Filter Include="Source Files">
      <UniqueIdentifier>{4FC737F1-C7A5-4376-A066-2A32D752A2FF}</UniqueIdentifier>
      <Extensions>cpp;c;cc;cxx;def;odl;idl;hpj;bat;asm;asmx</Extensions>
    </Filter>
    <Filter Include="Header Files">
      <UniqueIdentifier>{93995380-89BD-4b04-88EB-625FBE52EBFB}</UniqueIdentifier>
      <Extensions>h;hh;hpp;hxx;hm;inl;inc;xsd</Extensions>
    </Filter>
    <Filter Include="Resource Files">
      <UniqueIdentifier>{67DA6AB6-F800-4c08-8B7A-83BB121AAD01}</UniqueIdentifier>
      <Extensions>rc;ico;cur;bmp;dlg;rc2;rct;bin;rgs;gif;jpg;jpeg;jpe;resx;tiff;tif;png;wav</Extensions>
    </Filter>
    <Filter Include="Source Files\Generator">
      <UniqueIdentifier>{f19273e7-121f-477d-b627-5b1aba02e68b}</UniqueIdentifier>
    </Filter>
    <Filter Include="Header Files\Generator">
      <UniqueIdentifier>{f5e513e9-06a3-4588-bba9-f9e2b02cd4c7}</UniqueIdentifier>
    </Filter>
    <Filter Include="Header Files\ObserverGUI">
      <UniqueIdentifier>{ebf06856-fef4-413f-8adb-b559167e2797}</UniqueIdentifier>
    </Filter>
    <Filter Include="Source Files\ObserverGUI">
      <UniqueIdentifier>{0b9791b4-bed0-490f-a977-544763fa05cf}</UniqueIdentifier>
    </Filter>
    <Filter Include="Examples">
      <UniqueIdentifier>{6cd69eed-94ea-4907-b246-793377417c5b}</UniqueIdentifier>
    </Filter>
  </ItemGroup>
  <ItemGroup>
    <ClCompile Include="src\Main.cpp">
      <Filter>Source Files</Filter>
    </ClCompile>
    <ClCompile Include="src\Generator\Generator.cpp">
      <Filter>Source Files\Generator</Filter>
    </ClCompile>
    <ClCompile Include="src\ObserverGUI\observer.cpp">
      <Filter>Source Files\ObserverGUI</Filter>
    </ClCompile>
    <ClCompile Include="src\ObserverGUI\ObserverGUI.cpp">
      <Filter>Source Files\ObserverGUI</Filter>
    </ClCompile>
    <ClCompile Include="src\Generator\PythonFile.cpp">
      <Filter>Source Files\Generator</Filter>
    </ClCompile>
    <ClCompile Include="examples\benchmark.cpp">
      <Filter>Examples</Filter>
    </ClCompile>
    <ClCompile Include="examples\workers.cpp">
      <Filter>Source Files</Filter>
    </ClCompile>
    <ClCompile Include="examples\csv.cpp">
      <Filter>Source Files</Filter>
    </ClCompile>
  </ItemGroup>
  <ItemGroup>
    <ClInclude Include="include\Generator.h">
      <Filter>Header Files\Generator</Filter>
    </ClInclude>
    <ClInclude Include="include\ObserverGUI.h">
      <Filter>Header Files\ObserverGUI</Filter>
    </ClInclude>
    <ClInclude Include="src\ObserverGUI\Observator.h">
      <Filter>Header Files\ObserverGUI</Filter>
    </ClInclude>
    <ClInclude Include="src\ObserverGUI\Observee.h">
      <Filter>Header Files\ObserverGUI</Filter>
    </ClInclude>
    <ClInclude Include="src\Generator\PythonFile.h">
      <Filter>Header Files\Generator</Filter>
    </ClInclude>
    <ClInclude Include="src\Common\ExitHandler.h">
      <Filter>Header Files</Filter>
    </ClInclude>
  </ItemGroup>
  <ItemGroup>
    <None Include="README.md">
      <Filter>Resource Files</Filter>
    </None>
    <None Include="SConstruct">
      <Filter>Resource Files</Filter>
    </None>
    <None Include="Doxyfile">
      <Filter>Resource Files</Filter>
    </None>
  </ItemGroup>
</Project>